Microsoft Visual Studio Solution File, Format Version 12.00
# Visual Studio Version 17
VisualStudioVersion = 17.5.2.0
MinimumVisualStudioVersion = 10.0.40219.1
Project("{FAE04EC0-301F-11D3-BF4B-00C04F79EFBC}") = "BankingSystem", "BankingSystem\BankingSystem.csproj", "{191C6CD7-760F-FA5B-48E0-D59B0875DBC1}"
EndProject
Global
	GlobalSection(SolutionConfigurationPlatforms) = preSolution
		Debug|Any CPU = Debug|Any CPU
		Release|Any CPU = Release|Any CPU
	EndGlobalSection
	GlobalSection(ProjectConfigurationPlatforms) = postSolution
		{191C6CD7-760F-FA5B-48E0-D59B0875DBC1}.Debug|Any CPU.ActiveCfg = Debug|Any CPU
		{191C6CD7-760F-FA5B-48E0-D59B0875DBC1}.Debug|Any CPU.Build.0 = Debug|Any CPU
		{191C6CD7-760F-FA5B-48E0-D59B0875DBC1}.Release|Any CPU.ActiveCfg = Release|Any CPU
		{191C6CD7-760F-FA5B-48E0-D59B0875DBC1}.Release|Any CPU.Build.0 = Release|Any CPU
	EndGlobalSection
	GlobalSection(SolutionProperties) = preSolution
		HideSolutionNode = FALSE
	EndGlobalSection
	GlobalSection(ExtensibilityGlobals) = postSolution
		SolutionGuid = {6323F5BA-DC33-46CC-BCBE-940061C6CA34}
	EndGlobalSection
EndGlobal
